
Microsoft Visual Studio Solution File, Format Version 12.00
# Visual Studio Version 16
VisualStudioVersion = 16.0.31605.320
MinimumVisualStudioVersion = 10.0.40219.1
Project("{00D1A9C2-B5F0-4AF3-8072-F6C62B433612}") = "CustomerAnalyticSystem.DB", "CustomerAnalyticSystem.DB\CustomerAnalyticSystem.DB.sqlproj", "{E47E056C-C867-4FF1-B7A0-8148F3A927C8}"
EndProject
Global
	GlobalSection(SolutionConfigurationPlatforms) = preSolution
		Debug|Any CPU = Debug|Any CPU
		Release|Any CPU = Release|Any CPU
	EndGlobalSection
	GlobalSection(ProjectConfigurationPlatforms) = postSolution
		{E47E056C-C867-4FF1-B7A0-8148F3A927C8}.Debug|Any CPU.ActiveCfg = Debug|Any CPU
		{E47E056C-C867-4FF1-B7A0-8148F3A927C8}.Debug|Any CPU.Build.0 = Debug|Any CPU
		{E47E056C-C867-4FF1-B7A0-8148F3A927C8}.Debug|Any CPU.Deploy.0 = Debug|Any CPU
		{E47E056C-C867-4FF1-B7A0-8148F3A927C8}.Release|Any CPU.ActiveCfg = Release|Any CPU
		{E47E056C-C867-4FF1-B7A0-8148F3A927C8}.Release|Any CPU.Build.0 = Release|Any CPU
		{E47E056C-C867-4FF1-B7A0-8148F3A927C8}.Release|Any CPU.Deploy.0 = Release|Any CPU
	EndGlobalSection
	GlobalSection(SolutionProperties) = preSolution
		HideSolutionNode = FALSE
	EndGlobalSection
	GlobalSection(ExtensibilityGlobals) = postSolution
		SolutionGuid = {70116595-4A0B-43E4-A394-2454A47D843B}
	EndGlobalSection
EndGlobal
